<?xml version="1.0" encoding="utf-8"?>
<Project ToolsVersion="4.0" xmlns="http://schemas.microsoft.com/developer/msbuild/2003">
  <ItemGroup>
    <ClCompile Include="cAutoReleasePool.cpp" />
    <ClCompile Include="cBulletCollision.cpp" />
    <ClCompile Include="cFrustum.cpp" />
    <ClCompile Include="cGameObject.cpp" />
    <ClCompile Include="cGrid.cpp" />
    <ClCompile Include="cGroup.cpp" />
    <ClCompile Include="cInput.cpp" />
    <ClCompile Include="cKeyBoard.cpp" />
    <ClCompile Include="cMouse.cpp" />
    <ClCompile Include="cMtlTex.cpp" />
    <ClCompile Include="cOBB.cpp" />
    <ClCompile Include="cObject.cpp" />
    <ClCompile Include="cObjLoader.cpp" />
    <ClCompile Include="cObjMap.cpp" />
    <ClCompile Include="cPickObj.cpp" />
    <ClCompile Include="cPyramid.cpp" />
    <ClCompile Include="Dx3D.cpp" />
    <ClCompile Include="iMap.cpp" />
    <ClCompile Include="stdafx.cpp" />
    <ClCompile Include="cBloat.cpp">
      <Filter>L4D\Zombie</Filter>
    </ClCompile>
    <ClCompile Include="cBoss.cpp">
      <Filter>L4D\Zombie</Filter>
    </ClCompile>
    <ClCompile Include="cDijkstra.cpp">
      <Filter>L4D\Zombie\Dijkstra</Filter>
    </ClCompile>
    <ClCompile Include="cClot.cpp">
      <Filter>L4D\Zombie</Filter>
    </ClCompile>
    <ClCompile Include="cCrawler.cpp">
      <Filter>L4D\Zombie</Filter>
    </ClCompile>
    <ClCompile Include="cAction.cpp">
      <Filter>Action</Filter>
    </ClCompile>
    <ClCompile Include="cActionMove.cpp">
      <Filter>Action</Filter>
    </ClCompile>
    <ClCompile Include="cActionRepeat.cpp">
      <Filter>Action</Filter>
    </ClCompile>
    <ClCompile Include="cActionSeq.cpp">
      <Filter>Action</Filter>
    </ClCompile>
    <ClCompile Include="cCamera.cpp">
      <Filter>Camera</Filter>
    </ClCompile>
    <ClCompile Include="cCrtController.cpp">
      <Filter>CrtController</Filter>
    </ClCompile>
    <ClCompile Include="cCrossHead.cpp">
      <Filter>UI</Filter>
    </ClCompile>
    <ClCompile Include="cEnemyManager.cpp">
      <Filter>L4D\Zombie</Filter>
    </ClCompile>
    <ClCompile Include="cGorefast.cpp">
      <Filter>L4D\Zombie</Filter>
    </ClCompile>
    <ClCompile Include="cSkinnedMesh.cpp">
      <Filter>XFile</Filter>
    </ClCompile>
    <ClCompile Include="cAllocateHierarchy.cpp">
      <Filter>XFile</Filter>
    </ClCompile>
    <ClCompile Include="cRay.cpp">
      <Filter>Ray</Filter>
    </ClCompile>
    <ClCompile Include="cZombie.cpp">
      <Filter>L4D\Zombie</Filter>
    </ClCompile>
    <ClCompile Include="cPlayer.cpp">
      <Filter>L4D</Filter>
    </ClCompile>
    <ClCompile Include="cDeviceManager.cpp">
      <Filter>매니져</Filter>
    </ClCompile>
    <ClCompile Include="cKeyManager.cpp">
      <Filter>매니져</Filter>
    </ClCompile>
    <ClCompile Include="cObjManager.cpp">
      <Filter>매니져</Filter>
    </ClCompile>
    <ClCompile Include="cSkinnedMeshManager.cpp">
      <Filter>매니져</Filter>
    </ClCompile>
    <ClCompile Include="cTextureManager.cpp">
      <Filter>매니져</Filter>
    </ClCompile>
    <ClCompile Include="cTimeManager.cpp">
      <Filter>매니져</Filter>
    </ClCompile>
    <ClCompile Include="cShader.cpp">
      <Filter>매니져</Filter>
    </ClCompile>
    <ClCompile Include="cMapXfile.cpp">
      <Filter>.</Filter>
    </ClCompile>
    <ClCompile Include="cMainGame.cpp">
      <Filter>소스 파일</Filter>
    </ClCompile>
    <ClCompile Include="cSky.cpp">
      <Filter>.</Filter>
    </ClCompile>
  </ItemGroup>
  <ItemGroup>
    <ClInclude Include="cAutoReleasePool.h" />
    <ClInclude Include="cBulletCollision.h" />
    <ClInclude Include="cFrustum.h" />
    <ClInclude Include="cGameObject.h" />
    <ClInclude Include="cGrid.h" />
    <ClInclude Include="cGroup.h" />
    <ClInclude Include="cInput.h" />
    <ClInclude Include="cKeyBoard.h" />
    <ClInclude Include="cMouse.h" />
    <ClInclude Include="cMtlTex.h" />
    <ClInclude Include="cOBB.h" />
    <ClInclude Include="cObject.h" />
    <ClInclude Include="cObjLoader.h" />
    <ClInclude Include="cObjMap.h" />
    <ClInclude Include="cPickObj.h" />
    <ClInclude Include="cPyramid.h" />
    <ClInclude Include="Dx3D.h" />
    <ClInclude Include="iMap.h" />
    <ClInclude Include="Resource.h" />
    <ClInclude Include="stdafx.h" />
    <ClInclude Include="targetver.h" />
    <ClInclude Include="cBloat.h">
      <Filter>L4D\Zombie</Filter>
    </ClInclude>
    <ClInclude Include="cBoss.h">
      <Filter>L4D\Zombie</Filter>
    </ClInclude>
    <ClInclude Include="cDijkstra.h">
      <Filter>L4D\Zombie\Dijkstra</Filter>
    </ClInclude>
    <ClInclude Include="cCrawler.h">
      <Filter>L4D\Zombie</Filter>
    </ClInclude>
    <ClInclude Include="cClot.h">
      <Filter>L4D\Zombie</Filter>
    </ClInclude>
    <ClInclude Include="Asciitok.h">
      <Filter>Action</Filter>
    </ClInclude>
    <ClInclude Include="cAction.h">
      <Filter>Action</Filter>
    </ClInclude>
    <ClInclude Include="cActionMove.h">
      <Filter>Action</Filter>
    </ClInclude>
    <ClInclude Include="cActionRepeat.h">
      <Filter>Action</Filter>
    </ClInclude>
    <ClInclude Include="cActionSeq.h">
      <Filter>Action</Filter>
    </ClInclude>
    <ClInclude Include="cCamera.h">
      <Filter>Camera</Filter>
    </ClInclude>
    <ClInclude Include="cCrtController.h">
      <Filter>CrtController</Filter>
    </ClInclude>
    <ClInclude Include="cCrossHead.h">
      <Filter>UI</Filter>
    </ClInclude>
    <ClInclude Include="cEnemyManager.h">
      <Filter>L4D\Zombie</Filter>
    </ClInclude>
    <ClInclude Include="cGorefast.h">
      <Filter>L4D\Zombie</Filter>
    </ClInclude>
    <ClInclude Include="cSkinnedMesh.h">
      <Filter>XFile</Filter>
    </ClInclude>
    <ClInclude Include="cAllocateHierarchy.h">
      <Filter>XFile</Filter>
    </ClInclude>
    <ClInclude Include="cRay.h">
      <Filter>Ray</Filter>
    </ClInclude>
    <ClInclude Include="cZombie.h">
      <Filter>L4D\Zombie</Filter>
    </ClInclude>
    <ClInclude Include="cPlayer.h">
      <Filter>L4D</Filter>
    </ClInclude>
    <ClInclude Include="cDeviceManager.h">
      <Filter>매니져</Filter>
    </ClInclude>
    <ClInclude Include="cKeyManager.h">
      <Filter>매니져</Filter>
    </ClInclude>
    <ClInclude Include="cObjManager.h">
      <Filter>매니져</Filter>
    </ClInclude>
    <ClInclude Include="cTimeManager.h">
      <Filter>매니져</Filter>
    </ClInclude>
    <ClInclude Include="cSkinnedMeshManager.h">
      <Filter>매니져</Filter>
    </ClInclude>
    <ClInclude Include="cTextureManager.h">
      <Filter>매니져</Filter>
    </ClInclude>
    <ClInclude Include="cShader.h">
      <Filter>매니져</Filter>
    </ClInclude>
    <ClInclude Include="cMapXfile.h">
      <Filter>.</Filter>
    </ClInclude>
    <ClInclude Include="cMainGame.h">
      <Filter>헤더 파일</Filter>
    </ClInclude>
    <ClInclude Include="cSky.h">
      <Filter>.</Filter>
    </ClInclude>
  </ItemGroup>
  <ItemGroup>
    <ResourceCompile Include="Dx3D.rc" />
  </ItemGroup>
  <ItemGroup>
    <None Include="Dx3D.ico" />
    <None Include="ReadMe.txt" />
    <None Include="small.ico" />
  </ItemGroup>
  <ItemGroup>
    <Filter Include="L4D">
      <UniqueIdentifier>{047afb75-a595-42df-9ba3-f7d99d104950}</UniqueIdentifier>
    </Filter>
    <Filter Include="L4D\Zombie">
      <UniqueIdentifier>{b2beddd9-c53a-4487-b612-3e7ab3178e6e}</UniqueIdentifier>
    </Filter>
    <Filter Include="L4D\Zombie\Dijkstra">
      <UniqueIdentifier>{5abd40c3-1bfd-4f24-ae39-936e28bef5ca}</UniqueIdentifier>
    </Filter>
    <Filter Include="Action">
      <UniqueIdentifier>{de1261fe-d4e7-4659-b8c0-346b0d1f02dc}</UniqueIdentifier>
    </Filter>
    <Filter Include="Camera">
      <UniqueIdentifier>{8b582735-4365-40c1-9c89-a7eb3665d2c5}</UniqueIdentifier>
    </Filter>
    <Filter Include="CrtController">
      <UniqueIdentifier>{9f58df0b-b60b-4a61-a5c7-be351c2c0ea4}</UniqueIdentifier>
    </Filter>
    <Filter Include="UI">
      <UniqueIdentifier>{5d1a2005-c489-4d65-848d-dd17076d4944}</UniqueIdentifier>
    </Filter>
    <Filter Include="XFile">
      <UniqueIdentifier>{dd8b773c-6f12-462f-bcc7-bc33cb249e09}</UniqueIdentifier>
    </Filter>
    <Filter Include="Ray">
      <UniqueIdentifier>{ffffcbee-5560-4d45-b8a2-217b0638b75f}</UniqueIdentifier>
    </Filter>
    <Filter Include="매니져">
      <UniqueIdentifier>{5567cfbf-313a-4eb3-91a3-2846bcd45265}</UniqueIdentifier>
    </Filter>
    <Filter Include=".">
      <UniqueIdentifier>{61fbbdeb-e802-470d-b75b-dae655b01365}</UniqueIdentifier>
    </Filter>
    <Filter Include="소스 파일">
      <UniqueIdentifier>{d74c99ca-ec67-4f5a-af82-2fd0d3876f24}</UniqueIdentifier>
    </Filter>
    <Filter Include="헤더 파일">
      <UniqueIdentifier>{dddb971e-750e-4ef5-ba49-61c327a82715}</UniqueIdentifier>
    </Filter>
  </ItemGroup>
</Project>