<?xml version="1.0" encoding="utf-8"?>
<Project ToolsVersion="4.0" xmlns="http://schemas.microsoft.com/developer/msbuild/2003">
  <ItemGroup>
    <ClCompile Include="cAction.cpp">
      <Filter>Action</Filter>
    </ClCompile>
    <ClCompile Include="cActionMove.cpp">
      <Filter>Action</Filter>
    </ClCompile>
    <ClCompile Include="cActionRepeat.cpp">
      <Filter>Action</Filter>
    </ClCompile>
    <ClCompile Include="cActionSeq.cpp">
      <Filter>Action</Filter>
    </ClCompile>
    <ClCompile Include="cBloat.cpp">
      <Filter>L4D\Zombie</Filter>
    </ClCompile>
    <ClCompile Include="cCamera.cpp">
      <Filter>Camera</Filter>
    </ClCompile>
    <ClCompile Include="cGrid.cpp">
      <Filter>Etc\Grid</Filter>
    </ClCompile>
    <ClCompile Include="cMapXfile.cpp">
      <Filter>.</Filter>
    </ClCompile>
    <ClCompile Include="cDeviceManager.cpp">
      <Filter>MANAGER</Filter>
    </ClCompile>
    <ClCompile Include="cObjManager.cpp">
      <Filter>MANAGER</Filter>
    </ClCompile>
    <ClCompile Include="cShader.cpp">
      <Filter>MANAGER</Filter>
    </ClCompile>
    <ClCompile Include="cSkinnedMeshManager.cpp">
      <Filter>MANAGER</Filter>
    </ClCompile>
    <ClCompile Include="cTextureManager.cpp">
      <Filter>MANAGER</Filter>
    </ClCompile>
    <ClCompile Include="cTimeManager.cpp">
      <Filter>MANAGER</Filter>
    </ClCompile>
    <ClCompile Include="cRay.cpp">
      <Filter>Ray</Filter>
    </ClCompile>
    <ClCompile Include="cAllocateHierarchy.cpp">
      <Filter>XFile</Filter>
    </ClCompile>
    <ClCompile Include="cCrtController.cpp">
      <Filter>Controller</Filter>
    </ClCompile>
    <ClCompile Include="cMtlTex.cpp">
      <Filter>Etc\MtlTex</Filter>
    </ClCompile>
    <ClCompile Include="cPyramid.cpp">
      <Filter>Etc\Pyramid</Filter>
    </ClCompile>
    <ClCompile Include="cFrustum.cpp">
      <Filter>Etc\Frustum</Filter>
    </ClCompile>
    <ClCompile Include="cObjLoader.cpp">
      <Filter>ObjFile</Filter>
    </ClCompile>
    <ClCompile Include="cObjMap.cpp">
      <Filter>ObjFile</Filter>
    </ClCompile>
    <ClCompile Include="cObject.cpp">
      <Filter>ObjFile</Filter>
    </ClCompile>
    <ClCompile Include="cPlayer.cpp">
      <Filter>L4D</Filter>
    </ClCompile>
    <ClCompile Include="cZombie.cpp">
      <Filter>L4D\Zombie</Filter>
    </ClCompile>
    <ClCompile Include="cSkinnedMesh.cpp">
      <Filter>XFile</Filter>
    </ClCompile>
    <ClCompile Include="cGroup.cpp">
      <Filter>ObjFile</Filter>
    </ClCompile>
    <ClCompile Include="cMainGame.cpp">
      <Filter>소스 파일</Filter>
    </ClCompile>
    <ClCompile Include="Dx3D.cpp">
      <Filter>소스 파일</Filter>
    </ClCompile>
    <ClCompile Include="iMap.cpp">
      <Filter>ObjFile</Filter>
    </ClCompile>
    <ClCompile Include="cGameObject.cpp">
      <Filter>ObjFile</Filter>
    </ClCompile>
    <ClCompile Include="stdafx.cpp">
      <Filter>소스 파일</Filter>
    </ClCompile>
    <ClCompile Include="cAutoReleasePool.cpp">
      <Filter>소스 파일</Filter>
    </ClCompile>
    <ClCompile Include="cOBB.cpp">
      <Filter>충돌</Filter>
    </ClCompile>
    <ClCompile Include="cBulletCollision.cpp">
      <Filter>충돌</Filter>
    </ClCompile>
    <ClCompile Include="cCrossHead.cpp">
      <Filter>UI</Filter>
    </ClCompile>
    <ClCompile Include="cKeyManager.cpp">
      <Filter>MANAGER</Filter>
    </ClCompile>
    <ClCompile Include="cEnemyManager.cpp">
      <Filter>L4D\Zombie</Filter>
    </ClCompile>
    <ClCompile Include="cAStar.cpp">
      <Filter>L4D\Zombie\Astar</Filter>
    </ClCompile>
    <ClCompile Include="cAstarNode.cpp">
      <Filter>L4D\Zombie\Astar</Filter>
    </ClCompile>
    <ClCompile Include="cMinHeap.cpp">
      <Filter>L4D\Zombie\Astar</Filter>
    </ClCompile>
    <ClCompile Include="cDijkstra.cpp">
      <Filter>L4D\Zombie\Dijkstra</Filter>
    </ClCompile>
    <ClCompile Include="cClot.cpp">
      <Filter>L4D\Zombie</Filter>
    </ClCompile>
    <ClCompile Include="cObjGun.cpp">
      <Filter>오브젝트</Filter>
    </ClCompile>
    <ClCompile Include="cInput.cpp" />
    <ClCompile Include="cKeyBoard.cpp" />
    <ClCompile Include="cMouse.cpp" />
    <ClCompile Include="cPickObj.cpp">
      <Filter>ObjFile</Filter>
    </ClCompile>
  </ItemGroup>
  <ItemGroup>
    <ClInclude Include="cAction.h">
      <Filter>Action</Filter>
    </ClInclude>
    <ClInclude Include="cActionMove.h">
      <Filter>Action</Filter>
    </ClInclude>
    <ClInclude Include="cActionRepeat.h">
      <Filter>Action</Filter>
    </ClInclude>
    <ClInclude Include="cActionSeq.h">
      <Filter>Action</Filter>
    </ClInclude>
    <ClInclude Include="cBloat.h">
      <Filter>L4D\Zombie</Filter>
    </ClInclude>
    <ClInclude Include="cCamera.h">
      <Filter>Camera</Filter>
    </ClInclude>
    <ClInclude Include="cGrid.h">
      <Filter>Etc\Grid</Filter>
    </ClInclude>
    <ClInclude Include="cMapXfile.h">
      <Filter>.</Filter>
    </ClInclude>
    <ClInclude Include="cDeviceManager.h">
      <Filter>MANAGER</Filter>
    </ClInclude>
    <ClInclude Include="cObjManager.h">
      <Filter>MANAGER</Filter>
    </ClInclude>
    <ClInclude Include="cShader.h">
      <Filter>MANAGER</Filter>
    </ClInclude>
    <ClInclude Include="cSkinnedMeshManager.h">
      <Filter>MANAGER</Filter>
    </ClInclude>
    <ClInclude Include="cTextureManager.h">
      <Filter>MANAGER</Filter>
    </ClInclude>
    <ClInclude Include="cTimeManager.h">
      <Filter>MANAGER</Filter>
    </ClInclude>
    <ClInclude Include="cRay.h">
      <Filter>Ray</Filter>
    </ClInclude>
    <ClInclude Include="cAllocateHierarchy.h">
      <Filter>XFile</Filter>
    </ClInclude>
    <ClInclude Include="cCrtController.h">
      <Filter>Controller</Filter>
    </ClInclude>
    <ClInclude Include="cMtlTex.h">
      <Filter>Etc\MtlTex</Filter>
    </ClInclude>
    <ClInclude Include="cPyramid.h">
      <Filter>Etc\Pyramid</Filter>
    </ClInclude>
    <ClInclude Include="cFrustum.h">
      <Filter>Etc\Frustum</Filter>
    </ClInclude>
    <ClInclude Include="cObjMap.h">
      <Filter>ObjFile</Filter>
    </ClInclude>
    <ClInclude Include="cObjLoader.h">
      <Filter>ObjFile</Filter>
    </ClInclude>
    <ClInclude Include="cObject.h">
      <Filter>ObjFile</Filter>
    </ClInclude>
    <ClInclude Include="cPlayer.h">
      <Filter>L4D</Filter>
    </ClInclude>
    <ClInclude Include="cZombie.h">
      <Filter>L4D\Zombie</Filter>
    </ClInclude>
    <ClInclude Include="cSkinnedMesh.h">
      <Filter>XFile</Filter>
    </ClInclude>
    <ClInclude Include="cGroup.h">
      <Filter>ObjFile</Filter>
    </ClInclude>
    <ClInclude Include="Asciitok.h">
      <Filter>헤더 파일</Filter>
    </ClInclude>
    <ClInclude Include="cMainGame.h">
      <Filter>헤더 파일</Filter>
    </ClInclude>
    <ClInclude Include="Dx3D.h">
      <Filter>헤더 파일</Filter>
    </ClInclude>
    <ClInclude Include="stdafx.h">
      <Filter>헤더 파일</Filter>
    </ClInclude>
    <ClInclude Include="iMap.h">
      <Filter>ObjFile</Filter>
    </ClInclude>
    <ClInclude Include="cGameObject.h">
      <Filter>ObjFile</Filter>
    </ClInclude>
    <ClInclude Include="cAutoReleasePool.h">
      <Filter>헤더 파일</Filter>
    </ClInclude>
    <ClInclude Include="Resource.h">
      <Filter>헤더 파일</Filter>
    </ClInclude>
    <ClInclude Include="targetver.h">
      <Filter>헤더 파일</Filter>
    </ClInclude>
    <ClInclude Include="cOBB.h">
      <Filter>충돌</Filter>
    </ClInclude>
    <ClInclude Include="cBulletCollision.h">
      <Filter>충돌</Filter>
    </ClInclude>
    <ClInclude Include="cCrossHead.h">
      <Filter>UI</Filter>
    </ClInclude>
    <ClInclude Include="cKeyManager.h">
      <Filter>MANAGER</Filter>
    </ClInclude>
    <ClInclude Include="cEnemyManager.h">
      <Filter>L4D\Zombie</Filter>
    </ClInclude>
    <ClInclude Include="cAStar.h">
      <Filter>L4D\Zombie\Astar</Filter>
    </ClInclude>
    <ClInclude Include="cAstarNode.h">
      <Filter>L4D\Zombie\Astar</Filter>
    </ClInclude>
    <ClInclude Include="cMinHeap.h">
      <Filter>L4D\Zombie\Astar</Filter>
    </ClInclude>
    <ClInclude Include="cDijkstra.h">
      <Filter>L4D\Zombie\Dijkstra</Filter>
    </ClInclude>
    <ClInclude Include="cClot.h">
      <Filter>L4D\Zombie</Filter>
    </ClInclude>
    <ClInclude Include="cObjGun.h">
      <Filter>오브젝트</Filter>
    </ClInclude>
    <ClInclude Include="cInput.h" />
    <ClInclude Include="cKeyBoard.h" />
    <ClInclude Include="cMouse.h" />
    <ClInclude Include="cPickObj.h">
      <Filter>ObjFile</Filter>
    </ClInclude>
  </ItemGroup>
  <ItemGroup>
    <None Include="ReadMe.txt" />
    <None Include="Dx3D.ico">
      <Filter>리소스 파일</Filter>
    </None>
    <None Include="small.ico">
      <Filter>리소스 파일</Filter>
    </None>
  </ItemGroup>
  <ItemGroup>
    <Filter Include=".">
      <UniqueIdentifier>{24797f18-d170-49db-9635-ed32382ebfab}</UniqueIdentifier>
    </Filter>
    <Filter Include="Action">
      <UniqueIdentifier>{aa33d309-d8fc-403e-ae96-9e15a262beb4}</UniqueIdentifier>
    </Filter>
    <Filter Include="Camera">
      <UniqueIdentifier>{f0f887ab-ef81-43a9-948a-1027307cba6e}</UniqueIdentifier>
    </Filter>
    <Filter Include="Controller">
      <UniqueIdentifier>{338c4e7c-28e5-4b6c-ac48-850364bf5def}</UniqueIdentifier>
    </Filter>
    <Filter Include="Etc">
      <UniqueIdentifier>{1f95ff5e-f481-45c1-99b2-5b0f1f5a0320}</UniqueIdentifier>
    </Filter>
    <Filter Include="Etc\Frustum">
      <UniqueIdentifier>{bcd28989-3d89-4939-9f01-32e228e13962}</UniqueIdentifier>
    </Filter>
    <Filter Include="Etc\Grid">
      <UniqueIdentifier>{80d83df5-e80c-4e02-ac06-b0ffeb4f3ff8}</UniqueIdentifier>
    </Filter>
    <Filter Include="Etc\MtlTex">
      <UniqueIdentifier>{f2ebbefc-1a18-49e4-a3b3-b591ecd9f0e3}</UniqueIdentifier>
    </Filter>
    <Filter Include="Etc\Pyramid">
      <UniqueIdentifier>{b9e35526-25e0-4a1f-b419-baa248c28fe7}</UniqueIdentifier>
    </Filter>
    <Filter Include="L4D">
      <UniqueIdentifier>{e85bd559-970c-4826-8eee-5d91ddec7a28}</UniqueIdentifier>
    </Filter>
    <Filter Include="L4D\Zombie">
      <UniqueIdentifier>{63ce1d83-cc2e-4af8-8568-1701734a675b}</UniqueIdentifier>
    </Filter>
    <Filter Include="MANAGER">
      <UniqueIdentifier>{293655d5-eff5-4e1c-a6d9-94c301fa18de}</UniqueIdentifier>
    </Filter>
    <Filter Include="ObjFile">
      <UniqueIdentifier>{b639d0b2-e01e-4ed5-a7d2-ca75cc969179}</UniqueIdentifier>
    </Filter>
    <Filter Include="Ray">
      <UniqueIdentifier>{db4cf349-5c85-4af9-bc62-d678daf0ce39}</UniqueIdentifier>
    </Filter>
    <Filter Include="XFile">
      <UniqueIdentifier>{d6bc4fe6-0349-42a4-9e2a-6e0774f5b65d}</UniqueIdentifier>
    </Filter>
    <Filter Include="헤더 파일">
      <UniqueIdentifier>{15e56764-ca2c-4384-96df-d5876ab52d55}</UniqueIdentifier>
    </Filter>
    <Filter Include="소스 파일">
      <UniqueIdentifier>{484e7991-9564-4e05-a921-e0020975ffc4}</UniqueIdentifier>
    </Filter>
    <Filter Include="리소스 파일">
      <UniqueIdentifier>{f29d9274-8fb3-41e5-8344-b98cf507ee1e}</UniqueIdentifier>
    </Filter>
    <Filter Include="충돌">
      <UniqueIdentifier>{4adf91c8-e0c6-44c2-990a-195e9d06734e}</UniqueIdentifier>
    </Filter>
    <Filter Include="UI">
      <UniqueIdentifier>{ec9f2ba7-0aba-4004-88a8-f9f3d7490e82}</UniqueIdentifier>
    </Filter>
    <Filter Include="L4D\Zombie\Astar">
      <UniqueIdentifier>{7f8eded2-648c-45ef-9390-e553e1c5bb35}</UniqueIdentifier>
    </Filter>
    <Filter Include="L4D\Zombie\Dijkstra">
      <UniqueIdentifier>{69d5105c-a80a-4769-8da3-b3a6a8aceb02}</UniqueIdentifier>
    </Filter>
    <Filter Include="오브젝트">
      <UniqueIdentifier>{52175299-2103-4dbd-981a-3851c0b28e86}</UniqueIdentifier>
    </Filter>
  </ItemGroup>
  <ItemGroup>
    <ResourceCompile Include="Dx3D.rc">
      <Filter>리소스 파일</Filter>
    </ResourceCompile>
  </ItemGroup>
</Project>